{
  "version": 4,
  "terraform_version": "1.5.7",
  "serial": 71,
  "lineage": "6407db21-47ce-0c37-79e1-9ed06a2ea3ff",
  "outputs": {
    "api_endpoint": {
      "value": "https://5i3biv44k3.execute-api.us-east-1.amazonaws.com/",
      "type": "string"
    },
    "dynamodb_table_name": {
      "value": "core_table",
      "type": "string"
    },
    "ecr_repository_url": {
      "value": "698322417763.dkr.ecr.us-east-1.amazonaws.com/nequi-franchises-api",
      "type": "string"
    },
    "ecs_service_name": {
      "value": "nequi-franchises-dev-service",
      "type": "string"
    },
    "load_balancer_dns_name": {
      "value": "internal-nequi-franchises-dev-service-alb-562362914.us-east-1.elb.amazonaws.com",
      "type": "string"
    }
  },
  "resources": [
    {
      "mode": "managed",
      "type": "aws_security_group",
      "name": "apigw_vpc_link",
      "provider": "provider[\"registry.terraform.io/hashicorp/aws\"]",
      "instances": [
        {
          "schema_version": 1,
          "attributes": {
            "arn": "arn:aws:ec2:us-east-1:698322417763:security-group/sg-0456699023093f397",
            "description": "Security group that protects API Gateway VPC link ENIs",
            "egress": [
              {
                "cidr_blocks": [
                  "0.0.0.0/0"
                ],
                "description": "",
                "from_port": 0,
                "ipv6_cidr_blocks": [],
                "prefix_list_ids": [],
                "protocol": "-1",
                "security_groups": [],
                "self": false,
                "to_port": 0
              }
            ],
            "id": "sg-0456699023093f397",
            "ingress": [
              {
                "cidr_blocks": [
                  "10.0.0.0/16"
                ],
                "description": "",
                "from_port": 0,
                "ipv6_cidr_blocks": [],
                "prefix_list_ids": [],
                "protocol": "-1",
                "security_groups": [],
                "self": false,
                "to_port": 0
              }
            ],
            "name": "nequi-franchises-dev-apigw-link-sg",
            "name_prefix": "",
            "owner_id": "698322417763",
            "revoke_rules_on_delete": false,
            "tags": {
              "Environment": "dev",
              "Name": "nequi-franchises-dev-apigw-link-sg",
              "Owner": "platform-team",
              "Project": "nequi-franchises",
              "Terraform": "true"
            },
            "tags_all": {
              "Environment": "dev",
              "Name": "nequi-franchises-dev-apigw-link-sg",
              "Owner": "platform-team",
              "Project": "nequi-franchises",
              "Terraform": "true"
            },
            "timeouts": null,
            "vpc_id": "vpc-036e32cd547628da6"
          },
          "sensitive_attributes": [],
          "private": "eyJlMmJmYjczMC1lY2FhLTExZTYtOGY4OC0zNDM2M2JjN2M0YzAiOnsiY3JlYXRlIjo2MDAwMDAwMDAwMDAsImRlbGV0ZSI6OTAwMDAwMDAwMDAwfSwic2NoZW1hX3ZlcnNpb24iOiIxIn0=",
          "dependencies": [
            "module.network.aws_vpc.this"
          ]
        }
      ]
    },
    {
      "module": "module.api_gateway",
      "mode": "managed",
      "type": "aws_apigatewayv2_api",
      "name": "this",
      "provider": "provider[\"registry.terraform.io/hashicorp/aws\"]",
      "instances": [
        {
          "schema_version": 0,
          "attributes": {
            "api_endpoint": "https://5i3biv44k3.execute-api.us-east-1.amazonaws.com",
            "api_key_selection_expression": "$request.header.x-api-key",
            "arn": "arn:aws:apigateway:us-east-1::/apis/5i3biv44k3",
            "body": null,
            "cors_configuration": [],
            "credentials_arn": null,
            "description": "",
            "disable_execute_api_endpoint": false,
            "execution_arn": "arn:aws:execute-api:us-east-1:698322417763:5i3biv44k3",
            "fail_on_warnings": null,
            "id": "5i3biv44k3",
            "ip_address_type": "ipv4",
            "name": "nequi-franchises-dev-api",
            "protocol_type": "HTTP",
            "route_key": null,
            "route_selection_expression": "$request.method $request.path",
            "tags": {
              "Component": "nequi-franchises-dev-api",
              "Environment": "dev",
              "Name": "nequi-franchises-dev-api",
              "Owner": "platform-team",
              "Project": "nequi-franchises",
              "Terraform": "true"
            },
            "tags_all": {
              "Component": "nequi-franchises-dev-api",
              "Environment": "dev",
              "Name": "nequi-franchises-dev-api",
              "Owner": "platform-team",
              "Project": "nequi-franchises",
              "Terraform": "true"
            },
            "target": null,
            "version": ""
          },
          "sensitive_attributes": [],
          "private": "bnVsbA=="
        }
      ]
    },
    {
      "module": "module.api_gateway",
      "mode": "managed",
      "type": "aws_apigatewayv2_integration",
      "name": "alb",
      "provider": "provider[\"registry.terraform.io/hashicorp/aws\"]",
      "instances": [
        {
          "schema_version": 0,
          "attributes": {
            "api_id": "5i3biv44k3",
            "connection_id": "buf2sx",
            "connection_type": "VPC_LINK",
            "content_handling_strategy": "",
            "credentials_arn": "",
            "description": "",
            "id": "pfpzeq0",
            "integration_method": "ANY",
            "integration_response_selection_expression": "",
            "integration_subtype": "",
            "integration_type": "HTTP_PROXY",
            "integration_uri": "arn:aws:elasticloadbalancing:us-east-1:698322417763:listener/app/nequi-franchises-dev-service-alb/c52c580b62b601d6/a416ef9924455202",
            "passthrough_behavior": "",
            "payload_format_version": "1.0",
            "request_parameters": {},
            "request_templates": {},
            "response_parameters": [],
            "template_selection_expression": "",
            "timeout_milliseconds": 29000,
            "tls_config": []
          },
          "sensitive_attributes": [],
          "private": "bnVsbA==",
          "dependencies": [
            "aws_security_group.apigw_vpc_link",
            "module.api_gateway.aws_apigatewayv2_api.this",
            "module.api_gateway.aws_apigatewayv2_vpc_link.this",
            "module.load_balancer.aws_lb.this",
            "module.load_balancer.aws_lb_listener.this",
            "module.load_balancer.aws_lb_target_group.this",
            "module.load_balancer.aws_security_group.alb",
            "module.network.aws_subnet.private",
            "module.network.aws_vpc.this"
          ]
        }
      ]
    },
    {
      "module": "module.api_gateway",
      "mode": "managed",
      "type": "aws_apigatewayv2_route",
      "name": "proxy",
      "provider": "provider[\"registry.terraform.io/hashicorp/aws\"]",
      "instances": [
        {
          "schema_version": 0,
          "attributes": {
            "api_id": "5i3biv44k3",
            "api_key_required": false,
            "authorization_scopes": [],
            "authorization_type": "NONE",
            "authorizer_id": "",
            "id": "k9dlvap",
            "model_selection_expression": "",
            "operation_name": "",
            "request_models": {},
            "request_parameter": [],
            "route_key": "ANY /{proxy+}",
            "route_response_selection_expression": "",
            "target": "integrations/pfpzeq0"
          },
          "sensitive_attributes": [],
          "private": "bnVsbA==",
          "dependencies": [
            "aws_security_group.apigw_vpc_link",
            "module.api_gateway.aws_apigatewayv2_api.this",
            "module.api_gateway.aws_apigatewayv2_integration.alb",
            "module.api_gateway.aws_apigatewayv2_vpc_link.this",
            "module.load_balancer.aws_lb.this",
            "module.load_balancer.aws_lb_listener.this",
            "module.load_balancer.aws_lb_target_group.this",
            "module.load_balancer.aws_security_group.alb",
            "module.network.aws_subnet.private",
            "module.network.aws_vpc.this"
          ]
        }
      ]
    },
    {
      "module": "module.api_gateway",
      "mode": "managed",
      "type": "aws_apigatewayv2_stage",
      "name": "this",
      "provider": "provider[\"registry.terraform.io/hashicorp/aws\"]",
      "instances": [
        {
          "schema_version": 0,
          "attributes": {
            "access_log_settings": [],
            "api_id": "5i3biv44k3",
            "arn": "arn:aws:apigateway:us-east-1::/apis/5i3biv44k3/stages/$default",
            "auto_deploy": true,
            "client_certificate_id": "",
            "default_route_settings": [
              {
                "data_trace_enabled": false,
                "detailed_metrics_enabled": false,
                "logging_level": "",
                "throttling_burst_limit": 0,
                "throttling_rate_limit": 0
              }
            ],
            "deployment_id": "q2jogh",
            "description": "",
            "execution_arn": "arn:aws:execute-api:us-east-1:698322417763:5i3biv44k3/$default",
            "id": "$default",
            "invoke_url": "https://5i3biv44k3.execute-api.us-east-1.amazonaws.com/",
            "name": "$default",
            "route_settings": [],
            "stage_variables": {},
            "tags": {
              "Component": "nequi-franchises-dev-api",
              "Environment": "dev",
              "Name": "nequi-franchises-dev-api-defaultdefault",
              "Owner": "platform-team",
              "Project": "nequi-franchises",
              "Terraform": "true"
            },
            "tags_all": {
              "Component": "nequi-franchises-dev-api",
              "Environment": "dev",
              "Name": "nequi-franchises-dev-api-defaultdefault",
              "Owner": "platform-team",
              "Project": "nequi-franchises",
              "Terraform": "true"
            }
          },
          "sensitive_attributes": [],
          "private": "bnVsbA==",
          "dependencies": [
            "module.api_gateway.aws_apigatewayv2_api.this"
          ]
        }
      ]
    },
    {
      "module": "module.api_gateway",
      "mode": "managed",
      "type": "aws_apigatewayv2_vpc_link",
      "name": "this",
      "provider": "provider[\"registry.terraform.io/hashicorp/aws\"]",
      "instances": [
        {
          "schema_version": 0,
          "attributes": {
            "arn": "arn:aws:apigateway:us-east-1::/vpclinks/buf2sx",
            "id": "buf2sx",
            "name": "nequi-franchises-dev-api-vpc-link",
            "security_group_ids": [
              "sg-0456699023093f397"
            ],
            "subnet_ids": [
              "subnet-050f795035024bf43",
              "subnet-056024e13649d8383"
            ],
            "tags": {
              "Component": "nequi-franchises-dev-api",
              "Environment": "dev",
              "Name": "nequi-franchises-dev-api-vpc-link",
              "Owner": "platform-team",
              "Project": "nequi-franchises",
              "Terraform": "true"
            },
            "tags_all": {
              "Component": "nequi-franchises-dev-api",
              "Environment": "dev",
              "Name": "nequi-franchises-dev-api-vpc-link",
              "Owner": "platform-team",
              "Project": "nequi-franchises",
              "Terraform": "true"
            }
          },
          "sensitive_attributes": [],
          "private": "bnVsbA==",
          "dependencies": [
            "aws_security_group.apigw_vpc_link",
            "module.network.aws_subnet.private",
            "module.network.aws_vpc.this"
          ]
        }
      ]
    },
    {
      "module": "module.container_registry",
      "mode": "managed",
      "type": "aws_ecr_lifecycle_policy",
      "name": "this",
      "provider": "provider[\"registry.terraform.io/hashicorp/aws\"]",
      "instances": [
        {
          "index_key": 0,
          "schema_version": 0,
          "attributes": {
            "id": "nequi-franchises-api",
            "policy": "{\"rules\":[{\"action\":{\"type\":\"expire\"},\"description\":\"Retain the last 5 images\",\"rulePriority\":1,\"selection\":{\"countNumber\":5,\"countType\":\"imageCountMoreThan\",\"tagStatus\":\"any\"}}]}",
            "registry_id": "698322417763",
            "repository": "nequi-franchises-api"
          },
          "sensitive_attributes": [],
          "private": "bnVsbA==",
          "dependencies": [
            "module.container_registry.aws_ecr_repository.this"
          ]
        }
      ]
    },
    {
      "module": "module.container_registry",
      "mode": "managed",
      "type": "aws_ecr_repository",
      "name": "this",
      "provider": "provider[\"registry.terraform.io/hashicorp/aws\"]",
      "instances": [
        {
          "schema_version": 0,
          "attributes": {
            "arn": "arn:aws:ecr:us-east-1:698322417763:repository/nequi-franchises-api",
            "encryption_configuration": [
              {
                "encryption_type": "AES256",
                "kms_key": ""
              }
            ],
            "force_delete": null,
            "id": "nequi-franchises-api",
            "image_scanning_configuration": [
              {
                "scan_on_push": true
              }
            ],
            "image_tag_mutability": "MUTABLE",
            "name": "nequi-franchises-api",
            "registry_id": "698322417763",
            "repository_url": "698322417763.dkr.ecr.us-east-1.amazonaws.com/nequi-franchises-api",
            "tags": {
              "Component": "nequi-franchises-api",
              "Environment": "dev",
              "Name": "nequi-franchises-api",
              "Owner": "platform-team",
              "Project": "nequi-franchises",
              "Terraform": "true"
            },
            "tags_all": {
              "Component": "nequi-franchises-api",
              "Environment": "dev",
              "Name": "nequi-franchises-api",
              "Owner": "platform-team",
              "Project": "nequi-franchises",
              "Terraform": "true"
            },
            "timeouts": null
          },
          "sensitive_attributes": [],
          "private": "eyJlMmJmYjczMC1lY2FhLTExZTYtOGY4OC0zNDM2M2JjN2M0YzAiOnsiZGVsZXRlIjoxMjAwMDAwMDAwMDAwfX0="
        }
      ]
    },
    {
      "module": "module.dynamodb",
      "mode": "managed",
      "type": "aws_dynamodb_table",
      "name": "this",
      "provider": "provider[\"registry.terraform.io/hashicorp/aws\"]",
      "instances": [
        {
          "schema_version": 1,
          "attributes": {
            "arn": "arn:aws:dynamodb:us-east-1:698322417763:table/core_table",
            "attribute": [
              {
                "name": "franchiseId",
                "type": "S"
              },
              {
                "name": "id",
                "type": "S"
              }
            ],
            "billing_mode": "PAY_PER_REQUEST",
            "deletion_protection_enabled": false,
            "global_secondary_index": [
              {
                "hash_key": "franchiseId",
                "name": "byFranchise",
                "non_key_attributes": [],
                "on_demand_throughput": [],
                "projection_type": "ALL",
                "range_key": "",
                "read_capacity": 0,
                "write_capacity": 0
              }
            ],
            "hash_key": "id",
            "id": "core_table",
            "import_table": [],
            "local_secondary_index": [],
            "name": "core_table",
            "on_demand_throughput": [],
            "point_in_time_recovery": [
              {
                "enabled": true,
                "recovery_period_in_days": 35
              }
            ],
            "range_key": null,
            "read_capacity": 0,
            "replica": [],
            "restore_date_time": null,
            "restore_source_name": null,
            "restore_source_table_arn": null,
            "restore_to_latest_time": null,
            "server_side_encryption": [],
            "stream_arn": "",
            "stream_enabled": false,
            "stream_label": "",
            "stream_view_type": "",
            "table_class": "STANDARD",
            "tags": {
              "Component": "core_table",
              "Environment": "dev",
              "Name": "core_table",
              "Owner": "platform-team",
              "Project": "nequi-franchises",
              "Terraform": "true"
            },
            "tags_all": {
              "Component": "core_table",
              "Environment": "dev",
              "Name": "core_table",
              "Owner": "platform-team",
              "Project": "nequi-franchises",
              "Terraform": "true"
            },
            "timeouts": null,
            "ttl": [
              {
                "attribute_name": "",
                "enabled": false
              }
            ],
            "write_capacity": 0
          },
          "sensitive_attributes": [],
          "private": "eyJlMmJmYjczMC1lY2FhLTExZTYtOGY4OC0zNDM2M2JjN2M0YzAiOnsiY3JlYXRlIjoxODAwMDAwMDAwMDAwLCJkZWxldGUiOjYwMDAwMDAwMDAwMCwidXBkYXRlIjozNjAwMDAwMDAwMDAwfSwic2NoZW1hX3ZlcnNpb24iOiIxIn0="
        }
      ]
    },
    {
      "module": "module.ecs_service",
      "mode": "data",
      "type": "aws_iam_policy_document",
      "name": "execution_assume_role",
      "provider": "provider[\"registry.terraform.io/hashicorp/aws\"]",
      "instances": [
        {
          "schema_version": 0,
          "attributes": {
            "id": "1077804475",
            "json": "{\n  \"Version\": \"2012-10-17\",\n  \"Statement\": [\n    {\n      \"Effect\": \"Allow\",\n      \"Action\": \"sts:AssumeRole\",\n      \"Principal\": {\n        \"Service\": \"ecs-tasks.amazonaws.com\"\n      }\n    }\n  ]\n}",
            "minified_json": "{\"Version\":\"2012-10-17\",\"Statement\":[{\"Effect\":\"Allow\",\"Action\":\"sts:AssumeRole\",\"Principal\":{\"Service\":\"ecs-tasks.amazonaws.com\"}}]}",
            "override_json": null,
            "override_policy_documents": null,
            "policy_id": null,
            "source_json": null,
            "source_policy_documents": null,
            "statement": [
              {
                "actions": [
                  "sts:AssumeRole"
                ],
                "condition": [],
                "effect": "Allow",
                "not_actions": [],
                "not_principals": [],
                "not_resources": [],
                "principals": [
                  {
                    "identifiers": [
                      "ecs-tasks.amazonaws.com"
                    ],
                    "type": "Service"
                  }
                ],
                "resources": [],
                "sid": ""
              }
            ],
            "version": "2012-10-17"
          },
          "sensitive_attributes": []
        }
      ]
    },
    {
      "module": "module.ecs_service",
      "mode": "data",
      "type": "aws_iam_policy_document",
      "name": "task_inline",
      "provider": "provider[\"registry.terraform.io/hashicorp/aws\"]",
      "instances": [
        {
          "index_key": 0,
          "schema_version": 0,
          "attributes": {
            "id": "2896721636",
            "json": "{\n  \"Version\": \"2012-10-17\",\n  \"Statement\": [\n    {\n      \"Sid\": \"AllowTableRW\",\n      \"Effect\": \"Allow\",\n      \"Action\": [\n        \"dynamodb:UpdateItem\",\n        \"dynamodb:Scan\",\n        \"dynamodb:Query\",\n        \"dynamodb:PutItem\",\n        \"dynamodb:GetItem\",\n        \"dynamodb:DeleteItem\"\n      ],\n      \"Resource\": [\n        \"arn:aws:dynamodb:us-east-1:698322417763:table/core_table/index/*\",\n        \"arn:aws:dynamodb:us-east-1:698322417763:table/core_table\"\n      ]\n    }\n  ]\n}",
            "minified_json": "{\"Version\":\"2012-10-17\",\"Statement\":[{\"Sid\":\"AllowTableRW\",\"Effect\":\"Allow\",\"Action\":[\"dynamodb:UpdateItem\",\"dynamodb:Scan\",\"dynamodb:Query\",\"dynamodb:PutItem\",\"dynamodb:GetItem\",\"dynamodb:DeleteItem\"],\"Resource\":[\"arn:aws:dynamodb:us-east-1:698322417763:table/core_table/index/*\",\"arn:aws:dynamodb:us-east-1:698322417763:table/core_table\"]}]}",
            "override_json": null,
            "override_policy_documents": null,
            "policy_id": null,
            "source_json": null,
            "source_policy_documents": null,
            "statement": [
              {
                "actions": [
                  "dynamodb:DeleteItem",
                  "dynamodb:GetItem",
                  "dynamodb:PutItem",
                  "dynamodb:Query",
                  "dynamodb:Scan",
                  "dynamodb:UpdateItem"
                ],
                "condition": [],
                "effect": "Allow",
                "not_actions": [],
                "not_principals": [],
                "not_resources": [],
                "principals": [],
                "resources": [
                  "arn:aws:dynamodb:us-east-1:698322417763:table/core_table",
                  "arn:aws:dynamodb:us-east-1:698322417763:table/core_table/index/*"
                ],
                "sid": "AllowTableRW"
              }
            ],
            "version": "2012-10-17"
          },
          "sensitive_attributes": []
        }
      ]
    },
    {
      "module": "module.ecs_service",
      "mode": "data",
      "type": "aws_region",
      "name": "current",
      "provider": "provider[\"registry.terraform.io/hashicorp/aws\"]",
      "instances": [
        {
          "schema_version": 0,
          "attributes": {
            "description": "US East (N. Virginia)",
            "endpoint": "ec2.us-east-1.amazonaws.com",
            "id": "us-east-1",
            "name": "us-east-1"
          },
          "sensitive_attributes": []
        }
      ]
    },
    {
      "module": "module.ecs_service",
      "mode": "managed",
      "type": "aws_cloudwatch_log_group",
      "name": "this",
      "provider": "provider[\"registry.terraform.io/hashicorp/aws\"]",
      "instances": [
        {
          "schema_version": 0,
          "attributes": {
            "arn": "arn:aws:logs:us-east-1:698322417763:log-group:/ecs/nequi-franchises-dev",
            "id": "/ecs/nequi-franchises-dev",
            "kms_key_id": "",
            "log_group_class": "STANDARD",
            "name": "/ecs/nequi-franchises-dev",
            "name_prefix": "",
            "retention_in_days": 731,
            "skip_destroy": false,
            "tags": {
              "Component": "nequi-franchises-dev",
              "Environment": "dev",
              "Name": "/ecs/nequi-franchises-dev",
              "Owner": "platform-team",
              "Project": "nequi-franchises",
              "Terraform": "true"
            },
            "tags_all": {
              "Component": "nequi-franchises-dev",
              "Environment": "dev",
              "Name": "/ecs/nequi-franchises-dev",
              "Owner": "platform-team",
              "Project": "nequi-franchises",
              "Terraform": "true"
            }
          },
          "sensitive_attributes": [],
          "private": "bnVsbA=="
        }
      ]
    },
    {
      "module": "module.ecs_service",
      "mode": "managed",
      "type": "aws_ecs_cluster",
      "name": "this",
      "provider": "provider[\"registry.terraform.io/hashicorp/aws\"]",
      "instances": [
        {
          "schema_version": 0,
          "attributes": {
            "arn": "arn:aws:ecs:us-east-1:698322417763:cluster/nequi-franchises-dev-cluster",
            "configuration": [],
            "id": "arn:aws:ecs:us-east-1:698322417763:cluster/nequi-franchises-dev-cluster",
            "name": "nequi-franchises-dev-cluster",
            "service_connect_defaults": [],
            "setting": [
              {
                "name": "containerInsights",
                "value": "enabled"
              }
            ],
            "tags": {
              "Component": "nequi-franchises-dev",
              "Environment": "dev",
              "Name": "nequi-franchises-dev-cluster",
              "Owner": "platform-team",
              "Project": "nequi-franchises",
              "Terraform": "true"
            },
            "tags_all": {
              "Component": "nequi-franchises-dev",
              "Environment": "dev",
              "Name": "nequi-franchises-dev-cluster",
              "Owner": "platform-team",
              "Project": "nequi-franchises",
              "Terraform": "true"
            }
          },
          "sensitive_attributes": [],
          "private": "bnVsbA=="
        }
      ]
    },
    {
      "module": "module.ecs_service",
      "mode": "managed",
      "type": "aws_ecs_cluster_capacity_providers",
      "name": "this",
      "provider": "provider[\"registry.terraform.io/hashicorp/aws\"]",
      "instances": [
        {
          "schema_version": 0,
          "attributes": {
            "capacity_providers": [
              "FARGATE",
              "FARGATE_SPOT"
            ],
            "cluster_name": "nequi-franchises-dev-cluster",
            "default_capacity_provider_strategy": [
              {
                "base": 5,
                "capacity_provider": "FARGATE_SPOT",
                "weight": 5
              }
            ],
            "id": "nequi-franchises-dev-cluster"
          },
          "sensitive_attributes": [],
          "private": "bnVsbA==",
          "dependencies": [
            "module.ecs_service.aws_ecs_cluster.this"
          ]
        }
      ]
    },
    {
      "module": "module.ecs_service",
      "mode": "managed",
      "type": "aws_ecs_service",
      "name": "this",
      "provider": "provider[\"registry.terraform.io/hashicorp/aws\"]",
      "instances": [
        {
          "schema_version": 1,
          "attributes": {
            "alarms": [],
            "availability_zone_rebalancing": "DISABLED",
            "capacity_provider_strategy": [
              {
                "base": 5,
                "capacity_provider": "FARGATE_SPOT",
                "weight": 5
              }
            ],
            "cluster": "arn:aws:ecs:us-east-1:698322417763:cluster/nequi-franchises-dev-cluster",
            "deployment_circuit_breaker": [
              {
                "enable": false,
                "rollback": false
              }
            ],
            "deployment_controller": [
              {
                "type": "ECS"
              }
            ],
            "deployment_maximum_percent": 200,
            "deployment_minimum_healthy_percent": 100,
            "desired_count": 3,
            "enable_ecs_managed_tags": false,
            "enable_execute_command": false,
            "force_delete": null,
            "force_new_deployment": null,
            "health_check_grace_period_seconds": 60,
            "iam_role": "/aws-service-role/ecs.amazonaws.com/AWSServiceRoleForECS",
            "id": "arn:aws:ecs:us-east-1:698322417763:service/nequi-franchises-dev-cluster/nequi-franchises-dev-service",
            "launch_type": "",
            "load_balancer": [
              {
                "container_name": "nequi-franchises-dev-app",
                "container_port": 8080,
                "elb_name": "",
                "target_group_arn": "arn:aws:elasticloadbalancing:us-east-1:698322417763:targetgroup/nequi-franchises-dev-service-tg/bd8c5e1d1b6f5282"
              }
            ],
            "name": "nequi-franchises-dev-service",
            "network_configuration": [
              {
                "assign_public_ip": false,
                "security_groups": [
                  "sg-0f51567f89ace4a69"
                ],
                "subnets": [
                  "subnet-050f795035024bf43",
                  "subnet-056024e13649d8383"
                ]
              }
            ],
            "ordered_placement_strategy": [],
            "placement_constraints": [],
            "platform_version": "LATEST",
            "propagate_tags": "NONE",
            "scheduling_strategy": "REPLICA",
            "service_connect_configuration": [],
            "service_registries": [],
            "tags": {
              "Component": "nequi-franchises-dev",
              "Environment": "dev",
              "Name": "nequi-franchises-dev-service",
              "Owner": "platform-team",
              "Project": "nequi-franchises",
              "Terraform": "true"
            },
            "tags_all": {
              "Component": "nequi-franchises-dev",
              "Environment": "dev",
              "Name": "nequi-franchises-dev-service",
              "Owner": "platform-team",
              "Project": "nequi-franchises",
              "Terraform": "true"
            },
            "task_definition": "arn:aws:ecs:us-east-1:698322417763:task-definition/nequi-franchises-dev-task:4",
            "timeouts": null,
            "triggers": {},
            "volume_configuration": [],
            "vpc_lattice_configurations": [],
            "wait_for_steady_state": false
          },
          "sensitive_attributes": [],
          "private": "eyJlMmJmYjczMC1lY2FhLTExZTYtOGY4OC0zNDM2M2JjN2M0YzAiOnsiY3JlYXRlIjoxMjAwMDAwMDAwMDAwLCJkZWxldGUiOjEyMDAwMDAwMDAwMDAsInVwZGF0ZSI6MTIwMDAwMDAwMDAwMH0sInNjaGVtYV92ZXJzaW9uIjoiMSJ9",
          "dependencies": [
            "module.container_registry.aws_ecr_repository.this",
            "module.dynamodb.aws_dynamodb_table.this",
            "module.ecs_service.aws_cloudwatch_log_group.this",
            "module.ecs_service.aws_ecs_cluster.this",
            "module.ecs_service.aws_ecs_cluster_capacity_providers.this",
            "module.ecs_service.aws_ecs_task_definition.this",
            "module.ecs_service.aws_iam_role.execution",
            "module.ecs_service.aws_iam_role.task",
            "module.ecs_service.aws_iam_role_policy_attachment.execution_default",
            "module.ecs_service.aws_security_group.service",
            "module.ecs_service.aws_security_group_rule.from_cidr",
            "module.ecs_service.aws_security_group_rule.from_sg",
            "module.ecs_service.data.aws_region.current",
            "module.load_balancer.aws_lb_target_group.this",
            "module.load_balancer.aws_security_group.alb",
            "module.network.aws_subnet.private",
            "module.network.aws_vpc.this"
          ]
        }
      ]
    },
    {
      "module": "module.ecs_service",
      "mode": "managed",
      "type": "aws_ecs_task_definition",
      "name": "this",
      "provider": "provider[\"registry.terraform.io/hashicorp/aws\"]",
      "instances": [
        {
          "schema_version": 1,
          "attributes": {
            "arn": "arn:aws:ecs:us-east-1:698322417763:task-definition/nequi-franchises-dev-task:4",
            "arn_without_revision": "arn:aws:ecs:us-east-1:698322417763:task-definition/nequi-franchises-dev-task",
            "container_definitions": "[{\"environment\":[{\"name\":\"APP_DYNAMO_CORE_TABLE\",\"value\":\"core_table\"},{\"name\":\"AWS_REGION\",\"value\":\"us-east-1\"},{\"name\":\"DYNAMODB_TABLE_NAME\",\"value\":\"core_table\"},{\"name\":\"ENVIRONMENT\",\"value\":\"dev\"},{\"name\":\"SPRING_PROFILES_ACTIVE\",\"value\":\"dev\"}],\"essential\":true,\"image\":\"698322417763.dkr.ecr.us-east-1.amazonaws.com/nequi-franchises-api:latest\",\"logConfiguration\":{\"logDriver\":\"awslogs\",\"options\":{\"awslogs-region\":\"us-east-1\",\"awslogs-stream-prefix\":\"ecs\",\"awslogs-group\":\"/ecs/nequi-franchises-dev\"}},\"mountPoints\":[],\"name\":\"nequi-franchises-dev-app\",\"portMappings\":[{\"containerPort\":8080,\"hostPort\":8080,\"protocol\":\"tcp\"}],\"systemControls\":[],\"volumesFrom\":[]}]",
            "cpu": "512",
            "enable_fault_injection": false,
            "ephemeral_storage": [],
            "execution_role_arn": "arn:aws:iam::698322417763:role/nequi-franchises-dev-execution-role",
            "family": "nequi-franchises-dev-task",
            "id": "nequi-franchises-dev-task",
            "inference_accelerator": [],
            "ipc_mode": "",
            "memory": "1024",
            "network_mode": "awsvpc",
            "pid_mode": "",
            "placement_constraints": [],
            "proxy_configuration": [],
            "requires_compatibilities": [
              "FARGATE"
            ],
            "revision": 4,
            "runtime_platform": [
              {
                "cpu_architecture": "X86_64",
                "operating_system_family": "LINUX"
              }
            ],
            "skip_destroy": false,
            "tags": {
              "Component": "nequi-franchises-dev",
              "Environment": "dev",
              "Name": "nequi-franchises-dev-task",
              "Owner": "platform-team",
              "Project": "nequi-franchises",
              "Terraform": "true"
            },
            "tags_all": {
              "Component": "nequi-franchises-dev",
              "Environment": "dev",
              "Name": "nequi-franchises-dev-task",
              "Owner": "platform-team",
              "Project": "nequi-franchises",
              "Terraform": "true"
            },
            "task_role_arn": "arn:aws:iam::698322417763:role/nequi-franchises-dev-task-role",
            "track_latest": false,
            "volume": []
          },
          "sensitive_attributes": [],
          "private": "eyJzY2hlbWFfdmVyc2lvbiI6IjEifQ==",
          "dependencies": [
            "module.container_registry.aws_ecr_repository.this",
            "module.dynamodb.aws_dynamodb_table.this",
            "module.ecs_service.aws_cloudwatch_log_group.this",
            "module.ecs_service.aws_iam_role.execution",
            "module.ecs_service.aws_iam_role.task",
            "module.ecs_service.data.aws_region.current"
          ]
        }
      ]
    },
    {
      "module": "module.ecs_service",
      "mode": "managed",
      "type": "aws_iam_role",
      "name": "execution",
      "provider": "provider[\"registry.terraform.io/hashicorp/aws\"]",
      "instances": [
        {
          "schema_version": 0,
          "attributes": {
            "arn": "arn:aws:iam::698322417763:role/nequi-franchises-dev-execution-role",
            "assume_role_policy": "{\"Statement\":[{\"Action\":\"sts:AssumeRole\",\"Effect\":\"Allow\",\"Principal\":{\"Service\":\"ecs-tasks.amazonaws.com\"}}],\"Version\":\"2012-10-17\"}",
            "create_date": "2025-10-31T20:42:10Z",
            "description": "",
            "force_detach_policies": false,
            "id": "nequi-franchises-dev-execution-role",
            "inline_policy": [],
            "managed_policy_arns": [
              "arn:aws:iam::aws:policy/service-role/AmazonECSTaskExecutionRolePolicy"
            ],
            "max_session_duration": 3600,
            "name": "nequi-franchises-dev-execution-role",
            "name_prefix": "",
            "path": "/",
            "permissions_boundary": "",
            "tags": {
              "Component": "nequi-franchises-dev",
              "Environment": "dev",
              "Owner": "platform-team",
              "Project": "nequi-franchises",
              "Terraform": "true"
            },
            "tags_all": {
              "Component": "nequi-franchises-dev",
              "Environment": "dev",
              "Owner": "platform-team",
              "Project": "nequi-franchises",
              "Terraform": "true"
            },
            "unique_id": "AROA2FF2CPBRUHLBLJB6G"
          },
          "sensitive_attributes": [],
          "private": "bnVsbA==",
          "dependencies": [
            "module.ecs_service.data.aws_iam_policy_document.execution_assume_role"
          ]
        }
      ]
    },
    {
      "module": "module.ecs_service",
      "mode": "managed",
      "type": "aws_iam_role",
      "name": "task",
      "provider": "provider[\"registry.terraform.io/hashicorp/aws\"]",
      "instances": [
        {
          "schema_version": 0,
          "attributes": {
            "arn": "arn:aws:iam::698322417763:role/nequi-franchises-dev-task-role",
            "assume_role_policy": "{\"Statement\":[{\"Action\":\"sts:AssumeRole\",\"Effect\":\"Allow\",\"Principal\":{\"Service\":\"ecs-tasks.amazonaws.com\"}}],\"Version\":\"2012-10-17\"}",
            "create_date": "2025-10-31T20:42:10Z",
            "description": "",
            "force_detach_policies": false,
            "id": "nequi-franchises-dev-task-role",
            "inline_policy": [
              {
                "name": "nequi-franchises-dev-task-inline",
                "policy": "{\"Version\":\"2012-10-17\",\"Statement\":[{\"Action\":[\"dynamodb:UpdateItem\",\"dynamodb:Scan\",\"dynamodb:Query\",\"dynamodb:PutItem\",\"dynamodb:GetItem\",\"dynamodb:DeleteItem\"],\"Effect\":\"Allow\",\"Resource\":\"arn:aws:dynamodb:us-east-1:698322417763:table/nequi-franchises-dev-tf\",\"Sid\":\"AllowTableRW\"}]}"
              }
            ],
            "managed_policy_arns": [],
            "max_session_duration": 3600,
            "name": "nequi-franchises-dev-task-role",
            "name_prefix": "",
            "path": "/",
            "permissions_boundary": "",
            "tags": {
              "Component": "nequi-franchises-dev",
              "Environment": "dev",
              "Owner": "platform-team",
              "Project": "nequi-franchises",
              "Terraform": "true"
            },
            "tags_all": {
              "Component": "nequi-franchises-dev",
              "Environment": "dev",
              "Owner": "platform-team",
              "Project": "nequi-franchises",
              "Terraform": "true"
            },
            "unique_id": "AROA2FF2CPBR7R4A6X4DV"
          },
          "sensitive_attributes": [],
          "private": "bnVsbA==",
          "dependencies": [
            "module.ecs_service.data.aws_iam_policy_document.execution_assume_role"
          ]
        }
      ]
    },
    {
      "module": "module.ecs_service",
      "mode": "managed",
      "type": "aws_iam_role_policy",
      "name": "task_inline",
      "provider": "provider[\"registry.terraform.io/hashicorp/aws\"]",
      "instances": [
        {
          "index_key": 0,
          "schema_version": 0,
          "attributes": {
            "id": "nequi-franchises-dev-task-role:nequi-franchises-dev-task-inline",
            "name": "nequi-franchises-dev-task-inline",
            "name_prefix": "",
            "policy": "{\"Version\":\"2012-10-17\",\"Statement\":[{\"Action\":[\"dynamodb:UpdateItem\",\"dynamodb:Scan\",\"dynamodb:Query\",\"dynamodb:PutItem\",\"dynamodb:GetItem\",\"dynamodb:DeleteItem\"],\"Effect\":\"Allow\",\"Resource\":[\"arn:aws:dynamodb:us-east-1:698322417763:table/core_table/index/*\",\"arn:aws:dynamodb:us-east-1:698322417763:table/core_table\"],\"Sid\":\"AllowTableRW\"}]}",
            "role": "nequi-franchises-dev-task-role"
          },
          "sensitive_attributes": [],
          "private": "bnVsbA==",
          "dependencies": [
            "module.dynamodb.aws_dynamodb_table.this",
            "module.ecs_service.aws_iam_role.task",
            "module.ecs_service.data.aws_iam_policy_document.task_inline"
          ]
        }
      ]
    },
    {
      "module": "module.ecs_service",
      "mode": "managed",
      "type": "aws_iam_role_policy_attachment",
      "name": "execution_default",
      "provider": "provider[\"registry.terraform.io/hashicorp/aws\"]",
      "instances": [
        {
          "schema_version": 0,
          "attributes": {
            "id": "nequi-franchises-dev-execution-role-20251031204211370600000001",
            "policy_arn": "arn:aws:iam::aws:policy/service-role/AmazonECSTaskExecutionRolePolicy",
            "role": "nequi-franchises-dev-execution-role"
          },
          "sensitive_attributes": [],
          "private": "bnVsbA==",
          "dependencies": [
            "module.ecs_service.aws_iam_role.execution",
            "module.ecs_service.data.aws_iam_policy_document.execution_assume_role"
          ]
        }
      ]
    },
    {
      "module": "module.ecs_service",
      "mode": "managed",
      "type": "aws_security_group",
      "name": "service",
      "provider": "provider[\"registry.terraform.io/hashicorp/aws\"]",
      "instances": [
        {
          "schema_version": 1,
          "attributes": {
            "arn": "arn:aws:ec2:us-east-1:698322417763:security-group/sg-0f51567f89ace4a69",
            "description": "Security group for ECS service nequi-franchises-dev",
            "egress": [
              {
                "cidr_blocks": [
                  "0.0.0.0/0"
                ],
                "description": "",
                "from_port": 0,
                "ipv6_cidr_blocks": [],
                "prefix_list_ids": [],
                "protocol": "-1",
                "security_groups": [],
                "self": false,
                "to_port": 0
              }
            ],
            "id": "sg-0f51567f89ace4a69",
            "ingress": [
              {
                "cidr_blocks": [],
                "description": "Allow traffic from security group sg-052b2f767aed8dd2c",
                "from_port": 8080,
                "ipv6_cidr_blocks": [],
                "prefix_list_ids": [],
                "protocol": "tcp",
                "security_groups": [
                  "sg-052b2f767aed8dd2c"
                ],
                "self": false,
                "to_port": 8080
              }
            ],
            "name": "nequi-franchises-dev-svc-sg",
            "name_prefix": "",
            "owner_id": "698322417763",
            "revoke_rules_on_delete": false,
            "tags": {
              "Component": "nequi-franchises-dev",
              "Environment": "dev",
              "Name": "nequi-franchises-dev-svc-sg",
              "Owner": "platform-team",
              "Project": "nequi-franchises",
              "Terraform": "true"
            },
            "tags_all": {
              "Component": "nequi-franchises-dev",
              "Environment": "dev",
              "Name": "nequi-franchises-dev-svc-sg",
              "Owner": "platform-team",
              "Project": "nequi-franchises",
              "Terraform": "true"
            },
            "timeouts": null,
            "vpc_id": "vpc-036e32cd547628da6"
          },
          "sensitive_attributes": [],
          "private": "eyJlMmJmYjczMC1lY2FhLTExZTYtOGY4OC0zNDM2M2JjN2M0YzAiOnsiY3JlYXRlIjo2MDAwMDAwMDAwMDAsImRlbGV0ZSI6OTAwMDAwMDAwMDAwfSwic2NoZW1hX3ZlcnNpb24iOiIxIn0=",
          "dependencies": [
            "module.network.aws_vpc.this"
          ]
        }
      ]
    },
    {
      "module": "module.ecs_service",
      "mode": "managed",
      "type": "aws_security_group_rule",
      "name": "from_sg",
      "provider": "provider[\"registry.terraform.io/hashicorp/aws\"]",
      "instances": [
        {
          "index_key": "0",
          "schema_version": 2,
          "attributes": {
            "cidr_blocks": null,
            "description": "Allow traffic from security group sg-052b2f767aed8dd2c",
            "from_port": 8080,
            "id": "sgrule-1500070255",
            "ipv6_cidr_blocks": null,
            "prefix_list_ids": null,
            "protocol": "tcp",
            "security_group_id": "sg-0f51567f89ace4a69",
            "security_group_rule_id": "sgr-06a67cb87136b2bd0",
            "self": false,
            "source_security_group_id": "sg-052b2f767aed8dd2c",
            "timeouts": null,
            "to_port": 8080,
            "type": "ingress"
          },
          "sensitive_attributes": [],
          "private": "eyJlMmJmYjczMC1lY2FhLTExZTYtOGY4OC0zNDM2M2JjN2M0YzAiOnsiY3JlYXRlIjozMDAwMDAwMDAwMDB9LCJzY2hlbWFfdmVyc2lvbiI6IjIifQ==",
          "dependencies": [
            "module.ecs_service.aws_security_group.service",
            "module.load_balancer.aws_security_group.alb",
            "module.network.aws_vpc.this"
          ]
        }
      ]
    },
    {
      "module": "module.load_balancer",
      "mode": "managed",
      "type": "aws_lb",
      "name": "this",
      "provider": "provider[\"registry.terraform.io/hashicorp/aws\"]",
      "instances": [
        {
          "schema_version": 0,
          "attributes": {
            "access_logs": [
              {
                "bucket": "",
                "enabled": false,
                "prefix": ""
              }
            ],
            "arn": "arn:aws:elasticloadbalancing:us-east-1:698322417763:loadbalancer/app/nequi-franchises-dev-service-alb/c52c580b62b601d6",
            "arn_suffix": "app/nequi-franchises-dev-service-alb/c52c580b62b601d6",
            "client_keep_alive": 3600,
            "connection_logs": [
              {
                "bucket": "",
                "enabled": false,
                "prefix": ""
              }
            ],
            "customer_owned_ipv4_pool": "",
            "desync_mitigation_mode": "defensive",
            "dns_name": "internal-nequi-franchises-dev-service-alb-562362914.us-east-1.elb.amazonaws.com",
            "dns_record_client_routing_policy": null,
            "drop_invalid_header_fields": false,
            "enable_cross_zone_load_balancing": true,
            "enable_deletion_protection": false,
            "enable_http2": true,
            "enable_tls_version_and_cipher_suite_headers": false,
            "enable_waf_fail_open": false,
            "enable_xff_client_port": false,
            "enable_zonal_shift": false,
            "enforce_security_group_inbound_rules_on_private_link_traffic": "",
            "id": "arn:aws:elasticloadbalancing:us-east-1:698322417763:loadbalancer/app/nequi-franchises-dev-service-alb/c52c580b62b601d6",
            "idle_timeout": 60,
            "internal": true,
            "ip_address_type": "ipv4",
            "ipam_pools": [],
            "load_balancer_type": "application",
            "minimum_load_balancer_capacity": [],
            "name": "nequi-franchises-dev-service-alb",
            "name_prefix": "",
            "preserve_host_header": false,
            "security_groups": [
              "sg-052b2f767aed8dd2c"
            ],
            "subnet_mapping": [
              {
                "allocation_id": "",
                "ipv6_address": "",
                "outpost_id": "",
                "private_ipv4_address": "",
                "subnet_id": "subnet-050f795035024bf43"
              },
              {
                "allocation_id": "",
                "ipv6_address": "",
                "outpost_id": "",
                "private_ipv4_address": "",
                "subnet_id": "subnet-056024e13649d8383"
              }
            ],
            "subnets": [
              "subnet-050f795035024bf43",
              "subnet-056024e13649d8383"
            ],
            "tags": {
              "Component": "nequi-franchises-dev-service",
              "Environment": "dev",
              "Name": "nequi-franchises-dev-service-alb",
              "Owner": "platform-team",
              "Project": "nequi-franchises",
              "Terraform": "true"
            },
            "tags_all": {
              "Component": "nequi-franchises-dev-service",
              "Environment": "dev",
              "Name": "nequi-franchises-dev-service-alb",
              "Owner": "platform-team",
              "Project": "nequi-franchises",
              "Terraform": "true"
            },
            "timeouts": null,
            "vpc_id": "vpc-036e32cd547628da6",
            "xff_header_processing_mode": "append",
            "zone_id": "Z35SXDOTRQ7X7K"
          },
          "sensitive_attributes": [],
          "private": "eyJlMmJmYjczMC1lY2FhLTExZTYtOGY4OC0zNDM2M2JjN2M0YzAiOnsiY3JlYXRlIjo2MDAwMDAwMDAwMDAsImRlbGV0ZSI6NjAwMDAwMDAwMDAwLCJ1cGRhdGUiOjYwMDAwMDAwMDAwMH19",
          "dependencies": [
            "module.load_balancer.aws_security_group.alb",
            "module.network.aws_subnet.private",
            "module.network.aws_vpc.this"
          ]
        }
      ]
    },
    {
      "module": "module.load_balancer",
      "mode": "managed",
      "type": "aws_lb_listener",
      "name": "this",
      "provider": "provider[\"registry.terraform.io/hashicorp/aws\"]",
      "instances": [
        {
          "schema_version": 0,
          "attributes": {
            "alpn_policy": null,
            "arn": "arn:aws:elasticloadbalancing:us-east-1:698322417763:listener/app/nequi-franchises-dev-service-alb/c52c580b62b601d6/a416ef9924455202",
            "certificate_arn": null,
            "default_action": [
              {
                "authenticate_cognito": [],
                "authenticate_oidc": [],
                "fixed_response": [],
                "forward": [],
                "order": 1,
                "redirect": [],
                "target_group_arn": "arn:aws:elasticloadbalancing:us-east-1:698322417763:targetgroup/nequi-franchises-dev-service-tg/bd8c5e1d1b6f5282",
                "type": "forward"
              }
            ],
            "id": "arn:aws:elasticloadbalancing:us-east-1:698322417763:listener/app/nequi-franchises-dev-service-alb/c52c580b62b601d6/a416ef9924455202",
            "load_balancer_arn": "arn:aws:elasticloadbalancing:us-east-1:698322417763:loadbalancer/app/nequi-franchises-dev-service-alb/c52c580b62b601d6",
            "mutual_authentication": [],
            "port": 80,
            "protocol": "HTTP",
            "routing_http_request_x_amzn_mtls_clientcert_header_name": null,
            "routing_http_request_x_amzn_mtls_clientcert_issuer_header_name": null,
            "routing_http_request_x_amzn_mtls_clientcert_leaf_header_name": null,
            "routing_http_request_x_amzn_mtls_clientcert_serial_number_header_name": null,
            "routing_http_request_x_amzn_mtls_clientcert_subject_header_name": null,
            "routing_http_request_x_amzn_mtls_clientcert_validity_header_name": null,
            "routing_http_request_x_amzn_tls_cipher_suite_header_name": null,
            "routing_http_request_x_amzn_tls_version_header_name": null,
            "routing_http_response_access_control_allow_credentials_header_value": "",
            "routing_http_response_access_control_allow_headers_header_value": "",
            "routing_http_response_access_control_allow_methods_header_value": "",
            "routing_http_response_access_control_allow_origin_header_value": "",
            "routing_http_response_access_control_expose_headers_header_value": "",
            "routing_http_response_access_control_max_age_header_value": "",
            "routing_http_response_content_security_policy_header_value": "",
            "routing_http_response_server_enabled": true,
            "routing_http_response_strict_transport_security_header_value": "",
            "routing_http_response_x_content_type_options_header_value": "",
            "routing_http_response_x_frame_options_header_value": "",
            "ssl_policy": "",
            "tags": {},
            "tags_all": {},
            "tcp_idle_timeout_seconds": null,
            "timeouts": null
          },
          "sensitive_attributes": [],
          "private": "eyJlMmJmYjczMC1lY2FhLTExZTYtOGY4OC0zNDM2M2JjN2M0YzAiOnsiY3JlYXRlIjozMDAwMDAwMDAwMDAsInVwZGF0ZSI6MzAwMDAwMDAwMDAwfX0=",
          "dependencies": [
            "module.load_balancer.aws_lb.this",
            "module.load_balancer.aws_lb_target_group.this",
            "module.load_balancer.aws_security_group.alb",
            "module.network.aws_subnet.private",
            "module.network.aws_vpc.this"
          ]
        }
      ]
    },
    {
      "module": "module.load_balancer",
      "mode": "managed",
      "type": "aws_lb_target_group",
      "name": "this",
      "provider": "provider[\"registry.terraform.io/hashicorp/aws\"]",
      "instances": [
        {
          "schema_version": 0,
          "attributes": {
            "arn": "arn:aws:elasticloadbalancing:us-east-1:698322417763:targetgroup/nequi-franchises-dev-service-tg/bd8c5e1d1b6f5282",
            "arn_suffix": "targetgroup/nequi-franchises-dev-service-tg/bd8c5e1d1b6f5282",
            "connection_termination": null,
            "deregistration_delay": "300",
            "health_check": [
              {
                "enabled": true,
                "healthy_threshold": 2,
                "interval": 30,
                "matcher": "200-399",
                "path": "/actuator/health",
                "port": "traffic-port",
                "protocol": "HTTP",
                "timeout": 5,
                "unhealthy_threshold": 2
              }
            ],
            "id": "arn:aws:elasticloadbalancing:us-east-1:698322417763:targetgroup/nequi-franchises-dev-service-tg/bd8c5e1d1b6f5282",
            "ip_address_type": "ipv4",
            "lambda_multi_value_headers_enabled": false,
            "load_balancer_arns": [
              "arn:aws:elasticloadbalancing:us-east-1:698322417763:loadbalancer/app/nequi-franchises-dev-service-alb/c52c580b62b601d6"
            ],
            "load_balancing_algorithm_type": "round_robin",
            "load_balancing_anomaly_mitigation": "off",
            "load_balancing_cross_zone_enabled": "use_load_balancer_configuration",
            "name": "nequi-franchises-dev-service-tg",
            "name_prefix": "",
            "port": 8080,
            "preserve_client_ip": null,
            "protocol": "HTTP",
            "protocol_version": "HTTP1",
            "proxy_protocol_v2": false,
            "slow_start": 0,
            "stickiness": [
              {
                "cookie_duration": 86400,
                "cookie_name": "",
                "enabled": false,
                "type": "lb_cookie"
              }
            ],
            "tags": {
              "Component": "nequi-franchises-dev-service",
              "Environment": "dev",
              "Name": "nequi-franchises-dev-service-tg",
              "Owner": "platform-team",
              "Project": "nequi-franchises",
              "Terraform": "true"
            },
            "tags_all": {
              "Component": "nequi-franchises-dev-service",
              "Environment": "dev",
              "Name": "nequi-franchises-dev-service-tg",
              "Owner": "platform-team",
              "Project": "nequi-franchises",
              "Terraform": "true"
            },
            "target_failover": [
              {
                "on_deregistration": null,
                "on_unhealthy": null
              }
            ],
            "target_group_health": [
              {
                "dns_failover": [
                  {
                    "minimum_healthy_targets_count": "1",
                    "minimum_healthy_targets_percentage": "off"
                  }
                ],
                "unhealthy_state_routing": [
                  {
                    "minimum_healthy_targets_count": 1,
                    "minimum_healthy_targets_percentage": "off"
                  }
                ]
              }
            ],
            "target_health_state": [
              {
                "enable_unhealthy_connection_termination": null,
                "unhealthy_draining_interval": null
              }
            ],
            "target_type": "ip",
            "vpc_id": "vpc-036e32cd547628da6"
          },
          "sensitive_attributes": [],
          "private": "bnVsbA==",
          "dependencies": [
            "module.network.aws_vpc.this"
          ]
        }
      ]
    },
    {
      "module": "module.load_balancer",
      "mode": "managed",
      "type": "aws_security_group",
      "name": "alb",
      "provider": "provider[\"registry.terraform.io/hashicorp/aws\"]",
      "instances": [
        {
          "schema_version": 1,
          "attributes": {
            "arn": "arn:aws:ec2:us-east-1:698322417763:security-group/sg-052b2f767aed8dd2c",
            "description": "Security group for nequi-franchises-dev-service internal load balancer",
            "egress": [
              {
                "cidr_blocks": [
                  "0.0.0.0/0"
                ],
                "description": "",
                "from_port": 0,
                "ipv6_cidr_blocks": [],
                "prefix_list_ids": [],
                "protocol": "-1",
                "security_groups": [],
                "self": false,
                "to_port": 0
              }
            ],
            "id": "sg-052b2f767aed8dd2c",
            "ingress": [
              {
                "cidr_blocks": [
                  "10.0.0.0/16"
                ],
                "description": "Allow listener traffic from 10.0.0.0/16",
                "from_port": 80,
                "ipv6_cidr_blocks": [],
                "prefix_list_ids": [],
                "protocol": "tcp",
                "security_groups": [],
                "self": false,
                "to_port": 80
              }
            ],
            "name": "nequi-franchises-dev-service-alb-sg",
            "name_prefix": "",
            "owner_id": "698322417763",
            "revoke_rules_on_delete": false,
            "tags": {
              "Component": "nequi-franchises-dev-service",
              "Environment": "dev",
              "Name": "nequi-franchises-dev-service-alb-sg",
              "Owner": "platform-team",
              "Project": "nequi-franchises",
              "Terraform": "true"
            },
            "tags_all": {
              "Component": "nequi-franchises-dev-service",
              "Environment": "dev",
              "Name": "nequi-franchises-dev-service-alb-sg",
              "Owner": "platform-team",
              "Project": "nequi-franchises",
              "Terraform": "true"
            },
            "timeouts": null,
            "vpc_id": "vpc-036e32cd547628da6"
          },
          "sensitive_attributes": [],
          "private": "eyJlMmJmYjczMC1lY2FhLTExZTYtOGY4OC0zNDM2M2JjN2M0YzAiOnsiY3JlYXRlIjo2MDAwMDAwMDAwMDAsImRlbGV0ZSI6OTAwMDAwMDAwMDAwfSwic2NoZW1hX3ZlcnNpb24iOiIxIn0=",
          "dependencies": [
            "module.network.aws_vpc.this"
          ]
        }
      ]
    },
    {
      "module": "module.load_balancer",
      "mode": "managed",
      "type": "aws_security_group_rule",
      "name": "alb_ingress",
      "provider": "provider[\"registry.terraform.io/hashicorp/aws\"]",
      "instances": [
        {
          "index_key": "10.0.0.0/16",
          "schema_version": 2,
          "attributes": {
            "cidr_blocks": [
              "10.0.0.0/16"
            ],
            "description": "Allow listener traffic from 10.0.0.0/16",
            "from_port": 80,
            "id": "sgrule-204176985",
            "ipv6_cidr_blocks": null,
            "prefix_list_ids": null,
            "protocol": "tcp",
            "security_group_id": "sg-052b2f767aed8dd2c",
            "security_group_rule_id": "sgr-0ff3b6f644320d945",
            "self": false,
            "source_security_group_id": null,
            "timeouts": null,
            "to_port": 80,
            "type": "ingress"
          },
          "sensitive_attributes": [],
          "private": "eyJlMmJmYjczMC1lY2FhLTExZTYtOGY4OC0zNDM2M2JjN2M0YzAiOnsiY3JlYXRlIjozMDAwMDAwMDAwMDB9LCJzY2hlbWFfdmVyc2lvbiI6IjIifQ==",
          "dependencies": [
            "module.load_balancer.aws_security_group.alb",
            "module.network.aws_vpc.this"
          ]
        }
      ]
    },
    {
      "module": "module.network",
      "mode": "managed",
      "type": "aws_eip",
      "name": "nat",
      "provider": "provider[\"registry.terraform.io/hashicorp/aws\"]",
      "instances": [
        {
          "index_key": 0,
          "schema_version": 0,
          "attributes": {
            "address": null,
            "allocation_id": "eipalloc-02d08a2fe0e87f738",
            "arn": "arn:aws:ec2:us-east-1:698322417763:elastic-ip/eipalloc-02d08a2fe0e87f738",
            "associate_with_private_ip": null,
            "association_id": "eipassoc-0ea828cd1ce08e7b3",
            "carrier_ip": "",
            "customer_owned_ip": "",
            "customer_owned_ipv4_pool": "",
            "domain": "vpc",
            "id": "eipalloc-02d08a2fe0e87f738",
            "instance": "",
            "ipam_pool_id": null,
            "network_border_group": "us-east-1",
            "network_interface": "eni-03c81e2bb4b1789a2",
            "private_dns": "ip-10-0-0-94.ec2.internal",
            "private_ip": "10.0.0.94",
            "ptr_record": "",
            "public_dns": "ec2-34-235-238-30.compute-1.amazonaws.com",
            "public_ip": "34.235.238.30",
            "public_ipv4_pool": "amazon",
            "tags": {
              "Component": "nequi-franchises-dev",
              "Environment": "dev",
              "Name": "nequi-franchises-dev-nat-eip-0",
              "Owner": "platform-team",
              "Project": "nequi-franchises",
              "Terraform": "true"
            },
            "tags_all": {
              "Component": "nequi-franchises-dev",
              "Environment": "dev",
              "Name": "nequi-franchises-dev-nat-eip-0",
              "Owner": "platform-team",
              "Project": "nequi-franchises",
              "Terraform": "true"
            },
            "timeouts": null,
            "vpc": true
          },
          "sensitive_attributes": [],
          "private": "eyJlMmJmYjczMC1lY2FhLTExZTYtOGY4OC0zNDM2M2JjN2M0YzAiOnsiZGVsZXRlIjoxODAwMDAwMDAwMDAsInJlYWQiOjkwMDAwMDAwMDAwMCwidXBkYXRlIjozMDAwMDAwMDAwMDB9fQ==",
          "dependencies": [
            "module.network.aws_subnet.public",
            "module.network.aws_vpc.this"
          ]
        }
      ]
    },
    {
      "module": "module.network",
      "mode": "managed",
      "type": "aws_internet_gateway",
      "name": "this",
      "provider": "provider[\"registry.terraform.io/hashicorp/aws\"]",
      "instances": [
        {
          "schema_version": 0,
          "attributes": {
            "arn": "arn:aws:ec2:us-east-1:698322417763:internet-gateway/igw-0922cfc97fa00cdcd",
            "id": "igw-0922cfc97fa00cdcd",
            "owner_id": "698322417763",
            "tags": {
              "Component": "nequi-franchises-dev",
              "Environment": "dev",
              "Name": "nequi-franchises-dev-igw",
              "Owner": "platform-team",
              "Project": "nequi-franchises",
              "Terraform": "true"
            },
            "tags_all": {
              "Component": "nequi-franchises-dev",
              "Environment": "dev",
              "Name": "nequi-franchises-dev-igw",
              "Owner": "platform-team",
              "Project": "nequi-franchises",
              "Terraform": "true"
            },
            "timeouts": null,
            "vpc_id": "vpc-036e32cd547628da6"
          },
          "sensitive_attributes": [],
          "private": "eyJlMmJmYjczMC1lY2FhLTExZTYtOGY4OC0zNDM2M2JjN2M0YzAiOnsiY3JlYXRlIjoxMjAwMDAwMDAwMDAwLCJkZWxldGUiOjEyMDAwMDAwMDAwMDAsInVwZGF0ZSI6MTIwMDAwMDAwMDAwMH19",
          "dependencies": [
            "module.network.aws_vpc.this"
          ]
        }
      ]
    },
    {
      "module": "module.network",
      "mode": "managed",
      "type": "aws_nat_gateway",
      "name": "this",
      "provider": "provider[\"registry.terraform.io/hashicorp/aws\"]",
      "instances": [
        {
          "index_key": 0,
          "schema_version": 0,
          "attributes": {
            "allocation_id": "eipalloc-02d08a2fe0e87f738",
            "association_id": "eipassoc-0ea828cd1ce08e7b3",
            "connectivity_type": "public",
            "id": "nat-051c68429ff2b6b22",
            "network_interface_id": "eni-03c81e2bb4b1789a2",
            "private_ip": "10.0.0.94",
            "public_ip": "34.235.238.30",
            "secondary_allocation_ids": [],
            "secondary_private_ip_address_count": 0,
            "secondary_private_ip_addresses": [],
            "subnet_id": "subnet-0784dbd824bb7d1e1",
            "tags": {
              "Component": "nequi-franchises-dev",
              "Environment": "dev",
              "Name": "nequi-franchises-dev-nat-0",
              "Owner": "platform-team",
              "Project": "nequi-franchises",
              "Terraform": "true"
            },
            "tags_all": {
              "Component": "nequi-franchises-dev",
              "Environment": "dev",
              "Name": "nequi-franchises-dev-nat-0",
              "Owner": "platform-team",
              "Project": "nequi-franchises",
              "Terraform": "true"
            },
            "timeouts": null
          },
          "sensitive_attributes": [],
          "private": "eyJlMmJmYjczMC1lY2FhLTExZTYtOGY4OC0zNDM2M2JjN2M0YzAiOnsiY3JlYXRlIjo2MDAwMDAwMDAwMDAsImRlbGV0ZSI6MTgwMDAwMDAwMDAwMCwidXBkYXRlIjo2MDAwMDAwMDAwMDB9fQ==",
          "dependencies": [
            "module.network.aws_eip.nat",
            "module.network.aws_internet_gateway.this",
            "module.network.aws_subnet.public",
            "module.network.aws_vpc.this"
          ]
        }
      ]
    },
    {
      "module": "module.network",
      "mode": "managed",
      "type": "aws_route",
      "name": "private_nat",
      "provider": "provider[\"registry.terraform.io/hashicorp/aws\"]",
      "instances": [
        {
          "index_key": "0",
          "schema_version": 0,
          "attributes": {
            "carrier_gateway_id": "",
            "core_network_arn": "",
            "destination_cidr_block": "0.0.0.0/0",
            "destination_ipv6_cidr_block": "",
            "destination_prefix_list_id": "",
            "egress_only_gateway_id": "",
            "gateway_id": "",
            "id": "r-rtb-0b6e01163733c64b21080289494",
            "instance_id": "",
            "instance_owner_id": "",
            "local_gateway_id": "",
            "nat_gateway_id": "nat-051c68429ff2b6b22",
            "network_interface_id": "",
            "origin": "CreateRoute",
            "route_table_id": "rtb-0b6e01163733c64b2",
            "state": "active",
            "timeouts": null,
            "transit_gateway_id": "",
            "vpc_endpoint_id": "",
            "vpc_peering_connection_id": ""
          },
          "sensitive_attributes": [],
          "private": "eyJlMmJmYjczMC1lY2FhLTExZTYtOGY4OC0zNDM2M2JjN2M0YzAiOnsiY3JlYXRlIjozMDAwMDAwMDAwMDAsImRlbGV0ZSI6MzAwMDAwMDAwMDAwLCJ1cGRhdGUiOjEyMDAwMDAwMDAwMH19",
          "dependencies": [
            "module.network.aws_eip.nat",
            "module.network.aws_internet_gateway.this",
            "module.network.aws_nat_gateway.this",
            "module.network.aws_route_table.private",
            "module.network.aws_subnet.private",
            "module.network.aws_subnet.public",
            "module.network.aws_vpc.this"
          ]
        },
        {
          "index_key": "1",
          "schema_version": 0,
          "attributes": {
            "carrier_gateway_id": "",
            "core_network_arn": "",
            "destination_cidr_block": "0.0.0.0/0",
            "destination_ipv6_cidr_block": "",
            "destination_prefix_list_id": "",
            "egress_only_gateway_id": "",
            "gateway_id": "",
            "id": "r-rtb-0f1eb073c8b581b891080289494",
            "instance_id": "",
            "instance_owner_id": "",
            "local_gateway_id": "",
            "nat_gateway_id": "nat-051c68429ff2b6b22",
            "network_interface_id": "",
            "origin": "CreateRoute",
            "route_table_id": "rtb-0f1eb073c8b581b89",
            "state": "active",
            "timeouts": null,
            "transit_gateway_id": "",
            "vpc_endpoint_id": "",
            "vpc_peering_connection_id": ""
          },
          "sensitive_attributes": [],
          "private": "eyJlMmJmYjczMC1lY2FhLTExZTYtOGY4OC0zNDM2M2JjN2M0YzAiOnsiY3JlYXRlIjozMDAwMDAwMDAwMDAsImRlbGV0ZSI6MzAwMDAwMDAwMDAwLCJ1cGRhdGUiOjEyMDAwMDAwMDAwMH19",
          "dependencies": [
            "module.network.aws_eip.nat",
            "module.network.aws_internet_gateway.this",
            "module.network.aws_nat_gateway.this",
            "module.network.aws_route_table.private",
            "module.network.aws_subnet.private",
            "module.network.aws_subnet.public",
            "module.network.aws_vpc.this"
          ]
        }
      ]
    },
    {
      "module": "module.network",
      "mode": "managed",
      "type": "aws_route",
      "name": "public_internet_access",
      "provider": "provider[\"registry.terraform.io/hashicorp/aws\"]",
      "instances": [
        {
          "schema_version": 0,
          "attributes": {
            "carrier_gateway_id": "",
            "core_network_arn": "",
            "destination_cidr_block": "0.0.0.0/0",
            "destination_ipv6_cidr_block": "",
            "destination_prefix_list_id": "",
            "egress_only_gateway_id": "",
            "gateway_id": "igw-0922cfc97fa00cdcd",
            "id": "r-rtb-0782ee1e3728857221080289494",
            "instance_id": "",
            "instance_owner_id": "",
            "local_gateway_id": "",
            "nat_gateway_id": "",
            "network_interface_id": "",
            "origin": "CreateRoute",
            "route_table_id": "rtb-0782ee1e372885722",
            "state": "active",
            "timeouts": null,
            "transit_gateway_id": "",
            "vpc_endpoint_id": "",
            "vpc_peering_connection_id": ""
          },
          "sensitive_attributes": [],
          "private": "eyJlMmJmYjczMC1lY2FhLTExZTYtOGY4OC0zNDM2M2JjN2M0YzAiOnsiY3JlYXRlIjozMDAwMDAwMDAwMDAsImRlbGV0ZSI6MzAwMDAwMDAwMDAwLCJ1cGRhdGUiOjEyMDAwMDAwMDAwMH19",
          "dependencies": [
            "module.network.aws_internet_gateway.this",
            "module.network.aws_route_table.public",
            "module.network.aws_vpc.this"
          ]
        }
      ]
    },
    {
      "module": "module.network",
      "mode": "managed",
      "type": "aws_route_table",
      "name": "private",
      "provider": "provider[\"registry.terraform.io/hashicorp/aws\"]",
      "instances": [
        {
          "index_key": "0",
          "schema_version": 0,
          "attributes": {
            "arn": "arn:aws:ec2:us-east-1:698322417763:route-table/rtb-0b6e01163733c64b2",
            "id": "rtb-0b6e01163733c64b2",
            "owner_id": "698322417763",
            "propagating_vgws": [],
            "route": [
              {
                "carrier_gateway_id": "",
                "cidr_block": "0.0.0.0/0",
                "core_network_arn": "",
                "destination_prefix_list_id": "",
                "egress_only_gateway_id": "",
                "gateway_id": "",
                "ipv6_cidr_block": "",
                "local_gateway_id": "",
                "nat_gateway_id": "nat-051c68429ff2b6b22",
                "network_interface_id": "",
                "transit_gateway_id": "",
                "vpc_endpoint_id": "",
                "vpc_peering_connection_id": ""
              }
            ],
            "tags": {
              "Component": "nequi-franchises-dev",
              "Environment": "dev",
              "Name": "nequi-franchises-dev-private-rt-0",
              "Owner": "platform-team",
              "Project": "nequi-franchises",
              "Terraform": "true"
            },
            "tags_all": {
              "Component": "nequi-franchises-dev",
              "Environment": "dev",
              "Name": "nequi-franchises-dev-private-rt-0",
              "Owner": "platform-team",
              "Project": "nequi-franchises",
              "Terraform": "true"
            },
            "timeouts": null,
            "vpc_id": "vpc-036e32cd547628da6"
          },
          "sensitive_attributes": [],
          "private": "eyJlMmJmYjczMC1lY2FhLTExZTYtOGY4OC0zNDM2M2JjN2M0YzAiOnsiY3JlYXRlIjozMDAwMDAwMDAwMDAsImRlbGV0ZSI6MzAwMDAwMDAwMDAwLCJ1cGRhdGUiOjEyMDAwMDAwMDAwMH19",
          "dependencies": [
            "module.network.aws_subnet.private",
            "module.network.aws_vpc.this"
          ]
        },
        {
          "index_key": "1",
          "schema_version": 0,
          "attributes": {
            "arn": "arn:aws:ec2:us-east-1:698322417763:route-table/rtb-0f1eb073c8b581b89",
            "id": "rtb-0f1eb073c8b581b89",
            "owner_id": "698322417763",
            "propagating_vgws": [],
            "route": [
              {
                "carrier_gateway_id": "",
                "cidr_block": "0.0.0.0/0",
                "core_network_arn": "",
                "destination_prefix_list_id": "",
                "egress_only_gateway_id": "",
                "gateway_id": "",
                "ipv6_cidr_block": "",
                "local_gateway_id": "",
                "nat_gateway_id": "nat-051c68429ff2b6b22",
                "network_interface_id": "",
                "transit_gateway_id": "",
                "vpc_endpoint_id": "",
                "vpc_peering_connection_id": ""
              }
            ],
            "tags": {
              "Component": "nequi-franchises-dev",
              "Environment": "dev",
              "Name": "nequi-franchises-dev-private-rt-1",
              "Owner": "platform-team",
              "Project": "nequi-franchises",
              "Terraform": "true"
            },
            "tags_all": {
              "Component": "nequi-franchises-dev",
              "Environment": "dev",
              "Name": "nequi-franchises-dev-private-rt-1",
              "Owner": "platform-team",
              "Project": "nequi-franchises",
              "Terraform": "true"
            },
            "timeouts": null,
            "vpc_id": "vpc-036e32cd547628da6"
          },
          "sensitive_attributes": [],
          "private": "eyJlMmJmYjczMC1lY2FhLTExZTYtOGY4OC0zNDM2M2JjN2M0YzAiOnsiY3JlYXRlIjozMDAwMDAwMDAwMDAsImRlbGV0ZSI6MzAwMDAwMDAwMDAwLCJ1cGRhdGUiOjEyMDAwMDAwMDAwMH19",
          "dependencies": [
            "module.network.aws_subnet.private",
            "module.network.aws_vpc.this"
          ]
        }
      ]
    },
    {
      "module": "module.network",
      "mode": "managed",
      "type": "aws_route_table",
      "name": "public",
      "provider": "provider[\"registry.terraform.io/hashicorp/aws\"]",
      "instances": [
        {
          "schema_version": 0,
          "attributes": {
            "arn": "arn:aws:ec2:us-east-1:698322417763:route-table/rtb-0782ee1e372885722",
            "id": "rtb-0782ee1e372885722",
            "owner_id": "698322417763",
            "propagating_vgws": [],
            "route": [
              {
                "carrier_gateway_id": "",
                "cidr_block": "0.0.0.0/0",
                "core_network_arn": "",
                "destination_prefix_list_id": "",
                "egress_only_gateway_id": "",
                "gateway_id": "igw-0922cfc97fa00cdcd",
                "ipv6_cidr_block": "",
                "local_gateway_id": "",
                "nat_gateway_id": "",
                "network_interface_id": "",
                "transit_gateway_id": "",
                "vpc_endpoint_id": "",
                "vpc_peering_connection_id": ""
              }
            ],
            "tags": {
              "Component": "nequi-franchises-dev",
              "Environment": "dev",
              "Name": "nequi-franchises-dev-public-rt",
              "Owner": "platform-team",
              "Project": "nequi-franchises",
              "Terraform": "true"
            },
            "tags_all": {
              "Component": "nequi-franchises-dev",
              "Environment": "dev",
              "Name": "nequi-franchises-dev-public-rt",
              "Owner": "platform-team",
              "Project": "nequi-franchises",
              "Terraform": "true"
            },
            "timeouts": null,
            "vpc_id": "vpc-036e32cd547628da6"
          },
          "sensitive_attributes": [],
          "private": "eyJlMmJmYjczMC1lY2FhLTExZTYtOGY4OC0zNDM2M2JjN2M0YzAiOnsiY3JlYXRlIjozMDAwMDAwMDAwMDAsImRlbGV0ZSI6MzAwMDAwMDAwMDAwLCJ1cGRhdGUiOjEyMDAwMDAwMDAwMH19",
          "dependencies": [
            "module.network.aws_vpc.this"
          ]
        }
      ]
    },
    {
      "module": "module.network",
      "mode": "managed",
      "type": "aws_route_table_association",
      "name": "private",
      "provider": "provider[\"registry.terraform.io/hashicorp/aws\"]",
      "instances": [
        {
          "index_key": "0",
          "schema_version": 0,
          "attributes": {
            "gateway_id": "",
            "id": "rtbassoc-0260d356158107f6d",
            "route_table_id": "rtb-0b6e01163733c64b2",
            "subnet_id": "subnet-056024e13649d8383",
            "timeouts": null
          },
          "sensitive_attributes": [],
          "private": "eyJlMmJmYjczMC1lY2FhLTExZTYtOGY4OC0zNDM2M2JjN2M0YzAiOnsiY3JlYXRlIjozMDAwMDAwMDAwMDAsImRlbGV0ZSI6MzAwMDAwMDAwMDAwLCJ1cGRhdGUiOjEyMDAwMDAwMDAwMH19",
          "dependencies": [
            "module.network.aws_route_table.private",
            "module.network.aws_subnet.private",
            "module.network.aws_vpc.this"
          ]
        },
        {
          "index_key": "1",
          "schema_version": 0,
          "attributes": {
            "gateway_id": "",
            "id": "rtbassoc-0b49c547e05aa9dd9",
            "route_table_id": "rtb-0f1eb073c8b581b89",
            "subnet_id": "subnet-050f795035024bf43",
            "timeouts": null
          },
          "sensitive_attributes": [],
          "private": "eyJlMmJmYjczMC1lY2FhLTExZTYtOGY4OC0zNDM2M2JjN2M0YzAiOnsiY3JlYXRlIjozMDAwMDAwMDAwMDAsImRlbGV0ZSI6MzAwMDAwMDAwMDAwLCJ1cGRhdGUiOjEyMDAwMDAwMDAwMH19",
          "dependencies": [
            "module.network.aws_route_table.private",
            "module.network.aws_subnet.private",
            "module.network.aws_vpc.this"
          ]
        }
      ]
    },
    {
      "module": "module.network",
      "mode": "managed",
      "type": "aws_route_table_association",
      "name": "public",
      "provider": "provider[\"registry.terraform.io/hashicorp/aws\"]",
      "instances": [
        {
          "index_key": "0",
          "schema_version": 0,
          "attributes": {
            "gateway_id": "",
            "id": "rtbassoc-09c0be0b004e2072d",
            "route_table_id": "rtb-0782ee1e372885722",
            "subnet_id": "subnet-0784dbd824bb7d1e1",
            "timeouts": null
          },
          "sensitive_attributes": [],
          "private": "eyJlMmJmYjczMC1lY2FhLTExZTYtOGY4OC0zNDM2M2JjN2M0YzAiOnsiY3JlYXRlIjozMDAwMDAwMDAwMDAsImRlbGV0ZSI6MzAwMDAwMDAwMDAwLCJ1cGRhdGUiOjEyMDAwMDAwMDAwMH19",
          "dependencies": [
            "module.network.aws_route_table.public",
            "module.network.aws_subnet.public",
            "module.network.aws_vpc.this"
          ]
        },
        {
          "index_key": "1",
          "schema_version": 0,
          "attributes": {
            "gateway_id": "",
            "id": "rtbassoc-017123361ebab0734",
            "route_table_id": "rtb-0782ee1e372885722",
            "subnet_id": "subnet-03bd99d5b583efed5",
            "timeouts": null
          },
          "sensitive_attributes": [],
          "private": "eyJlMmJmYjczMC1lY2FhLTExZTYtOGY4OC0zNDM2M2JjN2M0YzAiOnsiY3JlYXRlIjozMDAwMDAwMDAwMDAsImRlbGV0ZSI6MzAwMDAwMDAwMDAwLCJ1cGRhdGUiOjEyMDAwMDAwMDAwMH19",
          "dependencies": [
            "module.network.aws_route_table.public",
            "module.network.aws_subnet.public",
            "module.network.aws_vpc.this"
          ]
        }
      ]
    },
    {
      "module": "module.network",
      "mode": "managed",
      "type": "aws_subnet",
      "name": "private",
      "provider": "provider[\"registry.terraform.io/hashicorp/aws\"]",
      "instances": [
        {
          "index_key": "0",
          "schema_version": 1,
          "attributes": {
            "arn": "arn:aws:ec2:us-east-1:698322417763:subnet/subnet-056024e13649d8383",
            "assign_ipv6_address_on_creation": false,
            "availability_zone": "us-east-1a",
            "availability_zone_id": "use1-az2",
            "cidr_block": "10.0.10.0/24",
            "customer_owned_ipv4_pool": "",
            "enable_dns64": false,
            "enable_lni_at_device_index": 0,
            "enable_resource_name_dns_a_record_on_launch": false,
            "enable_resource_name_dns_aaaa_record_on_launch": false,
            "id": "subnet-056024e13649d8383",
            "ipv6_cidr_block": "",
            "ipv6_cidr_block_association_id": "",
            "ipv6_native": false,
            "map_customer_owned_ip_on_launch": false,
            "map_public_ip_on_launch": false,
            "outpost_arn": "",
            "owner_id": "698322417763",
            "private_dns_hostname_type_on_launch": "ip-name",
            "tags": {
              "Component": "nequi-franchises-dev",
              "Environment": "dev",
              "Name": "nequi-franchises-dev-private-0",
              "Owner": "platform-team",
              "Project": "nequi-franchises",
              "Terraform": "true",
              "Tier": "private"
            },
            "tags_all": {
              "Component": "nequi-franchises-dev",
              "Environment": "dev",
              "Name": "nequi-franchises-dev-private-0",
              "Owner": "platform-team",
              "Project": "nequi-franchises",
              "Terraform": "true",
              "Tier": "private"
            },
            "timeouts": null,
            "vpc_id": "vpc-036e32cd547628da6"
          },
          "sensitive_attributes": [],
          "private": "eyJlMmJmYjczMC1lY2FhLTExZTYtOGY4OC0zNDM2M2JjN2M0YzAiOnsiY3JlYXRlIjo2MDAwMDAwMDAwMDAsImRlbGV0ZSI6MTIwMDAwMDAwMDAwMH0sInNjaGVtYV92ZXJzaW9uIjoiMSJ9",
          "dependencies": [
            "module.network.aws_vpc.this"
          ]
        },
        {
          "index_key": "1",
          "schema_version": 1,
          "attributes": {
            "arn": "arn:aws:ec2:us-east-1:698322417763:subnet/subnet-050f795035024bf43",
            "assign_ipv6_address_on_creation": false,
            "availability_zone": "us-east-1b",
            "availability_zone_id": "use1-az4",
            "cidr_block": "10.0.11.0/24",
            "customer_owned_ipv4_pool": "",
            "enable_dns64": false,
            "enable_lni_at_device_index": 0,
            "enable_resource_name_dns_a_record_on_launch": false,
            "enable_resource_name_dns_aaaa_record_on_launch": false,
            "id": "subnet-050f795035024bf43",
            "ipv6_cidr_block": "",
            "ipv6_cidr_block_association_id": "",
            "ipv6_native": false,
            "map_customer_owned_ip_on_launch": false,
            "map_public_ip_on_launch": false,
            "outpost_arn": "",
            "owner_id": "698322417763",
            "private_dns_hostname_type_on_launch": "ip-name",
            "tags": {
              "Component": "nequi-franchises-dev",
              "Environment": "dev",
              "Name": "nequi-franchises-dev-private-1",
              "Owner": "platform-team",
              "Project": "nequi-franchises",
              "Terraform": "true",
              "Tier": "private"
            },
            "tags_all": {
              "Component": "nequi-franchises-dev",
              "Environment": "dev",
              "Name": "nequi-franchises-dev-private-1",
              "Owner": "platform-team",
              "Project": "nequi-franchises",
              "Terraform": "true",
              "Tier": "private"
            },
            "timeouts": null,
            "vpc_id": "vpc-036e32cd547628da6"
          },
          "sensitive_attributes": [],
          "private": "eyJlMmJmYjczMC1lY2FhLTExZTYtOGY4OC0zNDM2M2JjN2M0YzAiOnsiY3JlYXRlIjo2MDAwMDAwMDAwMDAsImRlbGV0ZSI6MTIwMDAwMDAwMDAwMH0sInNjaGVtYV92ZXJzaW9uIjoiMSJ9",
          "dependencies": [
            "module.network.aws_vpc.this"
          ]
        }
      ]
    },
    {
      "module": "module.network",
      "mode": "managed",
      "type": "aws_subnet",
      "name": "public",
      "provider": "provider[\"registry.terraform.io/hashicorp/aws\"]",
      "instances": [
        {
          "index_key": "0",
          "schema_version": 1,
          "attributes": {
            "arn": "arn:aws:ec2:us-east-1:698322417763:subnet/subnet-0784dbd824bb7d1e1",
            "assign_ipv6_address_on_creation": false,
            "availability_zone": "us-east-1a",
            "availability_zone_id": "use1-az2",
            "cidr_block": "10.0.0.0/24",
            "customer_owned_ipv4_pool": "",
            "enable_dns64": false,
            "enable_lni_at_device_index": 0,
            "enable_resource_name_dns_a_record_on_launch": false,
            "enable_resource_name_dns_aaaa_record_on_launch": false,
            "id": "subnet-0784dbd824bb7d1e1",
            "ipv6_cidr_block": "",
            "ipv6_cidr_block_association_id": "",
            "ipv6_native": false,
            "map_customer_owned_ip_on_launch": false,
            "map_public_ip_on_launch": true,
            "outpost_arn": "",
            "owner_id": "698322417763",
            "private_dns_hostname_type_on_launch": "ip-name",
            "tags": {
              "Component": "nequi-franchises-dev",
              "Environment": "dev",
              "Name": "nequi-franchises-dev-public-0",
              "Owner": "platform-team",
              "Project": "nequi-franchises",
              "Terraform": "true",
              "Tier": "public"
            },
            "tags_all": {
              "Component": "nequi-franchises-dev",
              "Environment": "dev",
              "Name": "nequi-franchises-dev-public-0",
              "Owner": "platform-team",
              "Project": "nequi-franchises",
              "Terraform": "true",
              "Tier": "public"
            },
            "timeouts": null,
            "vpc_id": "vpc-036e32cd547628da6"
          },
          "sensitive_attributes": [],
          "private": "eyJlMmJmYjczMC1lY2FhLTExZTYtOGY4OC0zNDM2M2JjN2M0YzAiOnsiY3JlYXRlIjo2MDAwMDAwMDAwMDAsImRlbGV0ZSI6MTIwMDAwMDAwMDAwMH0sInNjaGVtYV92ZXJzaW9uIjoiMSJ9",
          "dependencies": [
            "module.network.aws_vpc.this"
          ]
        },
        {
          "index_key": "1",
          "schema_version": 1,
          "attributes": {
            "arn": "arn:aws:ec2:us-east-1:698322417763:subnet/subnet-03bd99d5b583efed5",
            "assign_ipv6_address_on_creation": false,
            "availability_zone": "us-east-1b",
            "availability_zone_id": "use1-az4",
            "cidr_block": "10.0.1.0/24",
            "customer_owned_ipv4_pool": "",
            "enable_dns64": false,
            "enable_lni_at_device_index": 0,
            "enable_resource_name_dns_a_record_on_launch": false,
            "enable_resource_name_dns_aaaa_record_on_launch": false,
            "id": "subnet-03bd99d5b583efed5",
            "ipv6_cidr_block": "",
            "ipv6_cidr_block_association_id": "",
            "ipv6_native": false,
            "map_customer_owned_ip_on_launch": false,
            "map_public_ip_on_launch": true,
            "outpost_arn": "",
            "owner_id": "698322417763",
            "private_dns_hostname_type_on_launch": "ip-name",
            "tags": {
              "Component": "nequi-franchises-dev",
              "Environment": "dev",
              "Name": "nequi-franchises-dev-public-1",
              "Owner": "platform-team",
              "Project": "nequi-franchises",
              "Terraform": "true",
              "Tier": "public"
            },
            "tags_all": {
              "Component": "nequi-franchises-dev",
              "Environment": "dev",
              "Name": "nequi-franchises-dev-public-1",
              "Owner": "platform-team",
              "Project": "nequi-franchises",
              "Terraform": "true",
              "Tier": "public"
            },
            "timeouts": null,
            "vpc_id": "vpc-036e32cd547628da6"
          },
          "sensitive_attributes": [],
          "private": "eyJlMmJmYjczMC1lY2FhLTExZTYtOGY4OC0zNDM2M2JjN2M0YzAiOnsiY3JlYXRlIjo2MDAwMDAwMDAwMDAsImRlbGV0ZSI6MTIwMDAwMDAwMDAwMH0sInNjaGVtYV92ZXJzaW9uIjoiMSJ9",
          "dependencies": [
            "module.network.aws_vpc.this"
          ]
        }
      ]
    },
    {
      "module": "module.network",
      "mode": "managed",
      "type": "aws_vpc",
      "name": "this",
      "provider": "provider[\"registry.terraform.io/hashicorp/aws\"]",
      "instances": [
        {
          "schema_version": 1,
          "attributes": {
            "arn": "arn:aws:ec2:us-east-1:698322417763:vpc/vpc-036e32cd547628da6",
            "assign_generated_ipv6_cidr_block": false,
            "cidr_block": "10.0.0.0/16",
            "default_network_acl_id": "acl-092db99c537e68cd7",
            "default_route_table_id": "rtb-07355644a0aea9863",
            "default_security_group_id": "sg-00e600f019492b391",
            "dhcp_options_id": "dopt-0dfccbe3793ffb946",
            "enable_dns_hostnames": true,
            "enable_dns_support": true,
            "enable_network_address_usage_metrics": false,
            "id": "vpc-036e32cd547628da6",
            "instance_tenancy": "default",
            "ipv4_ipam_pool_id": null,
            "ipv4_netmask_length": null,
            "ipv6_association_id": "",
            "ipv6_cidr_block": "",
            "ipv6_cidr_block_network_border_group": "",
            "ipv6_ipam_pool_id": "",
            "ipv6_netmask_length": 0,
            "main_route_table_id": "rtb-07355644a0aea9863",
            "owner_id": "698322417763",
            "tags": {
              "Component": "nequi-franchises-dev",
              "Environment": "dev",
              "Name": "nequi-franchises-dev-vpc",
              "Owner": "platform-team",
              "Project": "nequi-franchises",
              "Terraform": "true"
            },
            "tags_all": {
              "Component": "nequi-franchises-dev",
              "Environment": "dev",
              "Name": "nequi-franchises-dev-vpc",
              "Owner": "platform-team",
              "Project": "nequi-franchises",
              "Terraform": "true"
            }
          },
          "sensitive_attributes": [],
          "private": "eyJzY2hlbWFfdmVyc2lvbiI6IjEifQ=="
        }
      ]
    }
  ],
  "check_results": [
    {
      "object_kind": "resource",
      "config_addr": "module.network.aws_subnet.private",
      "status": "pass",
      "objects": [
        {
          "object_addr": "module.network.aws_subnet.private[\"1\"]",
          "status": "pass"
        },
        {
          "object_addr": "module.network.aws_subnet.private[\"0\"]",
          "status": "pass"
        }
      ]
    },
    {
      "object_kind": "resource",
      "config_addr": "module.network.aws_subnet.public",
      "status": "pass",
      "objects": [
        {
          "object_addr": "module.network.aws_subnet.public[\"1\"]",
          "status": "pass"
        },
        {
          "object_addr": "module.network.aws_subnet.public[\"0\"]",
          "status": "pass"
        }
      ]
    }
  ]
}
